
Microsoft Visual Studio Solution File, Format Version 12.00
# Visual Studio Version 17
VisualStudioVersion = 17.8.34330.188
MinimumVisualStudioVersion = 10.0.40219.1
Project("{FAE04EC0-301F-11D3-BF4B-00C04F79EFBC}") = "crudWithReact", "crudWithReact\crudWithReact.csproj", "{A0F91A33-B33A-4E39-9E15-5CED1739C5D8}"
EndProject
Global
	GlobalSection(SolutionConfigurationPlatforms) = preSolution
		Debug|Any CPU = Debug|Any CPU
		Release|Any CPU = Release|Any CPU
	EndGlobalSection
	GlobalSection(ProjectConfigurationPlatforms) = postSolution
		{A0F91A33-B33A-4E39-9E15-5CED1739C5D8}.Debug|Any CPU.ActiveCfg = Debug|Any CPU
		{A0F91A33-B33A-4E39-9E15-5CED1739C5D8}.Debug|Any CPU.Build.0 = Debug|Any CPU
		{A0F91A33-B33A-4E39-9E15-5CED1739C5D8}.Release|Any CPU.ActiveCfg = Release|Any CPU
		{A0F91A33-B33A-4E39-9E15-5CED1739C5D8}.Release|Any CPU.Build.0 = Release|Any CPU
	EndGlobalSection
	GlobalSection(SolutionProperties) = preSolution
		HideSolutionNode = FALSE
	EndGlobalSection
	GlobalSection(ExtensibilityGlobals) = postSolution
		SolutionGuid = {9B51C779-D68D-4FB6-B569-F66AA31EE237}
	EndGlobalSection
EndGlobal
